// !$*UTF8*$!
{
	archiveVersion = 1;
	classes = {
	};
	objectVersion = 46;
	objects = {

/* Begin PBXBuildFile section */
		6DCF534C1E515138002EF282 /* AppDelegate.swift in Sources */ = {isa = PBXBuildFile; fileRef = 6DCF534B1E515138002EF282 /* AppDelegate.swift */; };
		6DCF534E1E515138002EF282 /* ViewController.swift in Sources */ = {isa = PBXBuildFile; fileRef = 6DCF534D1E515138002EF282 /* ViewController.swift */; };
		6DCF53511E515138002EF282 /* Main.storyboard in Resources */ = {isa = PBXBuildFile; fileRef = 6DCF534F1E515138002EF282 /* Main.storyboard */; };
		6DCF53531E515138002EF282 /* Assets.xcassets in Resources */ = {isa = PBXBuildFile; fileRef = 6DCF53521E515138002EF282 /* Assets.xcassets */; };
		6DCF53561E515138002EF282 /* LaunchScreen.storyboard in Resources */ = {isa = PBXBuildFile; fileRef = 6DCF53541E515138002EF282 /* LaunchScreen.storyboard */; };
		6DCF535E1E515169002EF282 /* CZLabel.swift in Sources */ = {isa = PBXBuildFile; fileRef = 6DCF535D1E515169002EF282 /* CZLabel.swift */; };
/* End PBXBuildFile section */

/* Begin PBXFileReference section */
		6DCF53481E515137002EF282 /* TextKit.app */ = {isa = PBXFileReference; explicitFileType = wrapper.application; includeInIndex = 0; path = TextKit.app; sourceTree = BUILT_PRODUCTS_DIR; };
		6DCF534B1E515138002EF282 /* AppDelegate.swift */ = {isa = PBXFileReference; lastKnownFileType = sourcecode.swift; path = AppDelegate.swift; sourceTree = "<group>"; };
		6DCF534D1E515138002EF282 /* ViewController.swift */ = {isa = PBXFileReference; lastKnownFileType = sourcecode.swift; path = ViewController.swift; sourceTree = "<group>"; };
		6DCF53501E515138002EF282 /* Base */ = {isa = PBXFileReference; lastKnownFileType = file.storyboard; name = Base; path = Base.lproj/Main.storyboard; sourceTree = "<group>"; };
		6DCF53521E515138002EF282 /* Assets.xcassets */ = {isa = PBXFileReference; lastKnownFileType = folder.assetcatalog; path = Assets.xcassets; sourceTree = "<group>"; };
		6DCF53551E515138002EF282 /* Base */ = {isa = PBXFileReference; lastKnownFileType = file.storyboard; name = Base; path = Base.lproj/LaunchScreen.storyboard; sourceTree = "<group>"; };
		6DCF53571E515138002EF282 /* Info.plist */ = {isa = PBXFileReference; lastKnownFileType = text.plist.xml; path = Info.plist; sourceTree = "<group>"; };
		6DCF535D1E515169002EF282 /* CZLabel.swift */ = {isa = PBXFileReference; fileEncoding = 4; lastKnownFileType = sourcecode.swift; path = CZLabel.swift; sourceTree = "<group>"; };
/* End PBXFileReference section */

/* Begin PBXFrameworksBuildPhase section */
		6DCF53451E515137002EF282 /* Frameworks */ = {
			isa = PBXFrameworksBuildPhase;
			buildActionMask = 2147483647;
			files = (
			);
			runOnlyForDeploymentPostprocessing = 0;
		};
/* End PBXFrameworksBuildPhase section */

/* Begin PBXGroup section */
		6DCF533F1E515137002EF282 = {
			isa = PBXGroup;
			children = (
				6DCF534A1E515138002EF282 /* TextKit */,
				6DCF53491E515137002EF282 /* Products */,
			);
			sourceTree = "<group>";
		};
		6DCF53491E515137002EF282 /* Products */ = {
			isa = PBXGroup;
			children = (
				6DCF53481E515137002EF282 /* TextKit.app */,
			);
			name = Products;
			sourceTree = "<group>";
		};
		6DCF534A1E515138002EF282 /* TextKit */ = {
			isa = PBXGroup;
			children = (
				6DCF534B1E515138002EF282 /* AppDelegate.swift */,
				6DCF534D1E515138002EF282 /* ViewController.swift */,
				6DCF534F1E515138002EF282 /* Main.storyboard */,
				6DCF535D1E515169002EF282 /* CZLabel.swift */,
				6DCF53521E515138002EF282 /* Assets.xcassets */,
				6DCF53541E515138002EF282 /* LaunchScreen.storyboard */,
				6DCF53571E515138002EF282 /* Info.plist */,
			);
			path = TextKit;
			sourceTree = "<group>";
		};
/* End PBXGroup section */

/* Begin PBXNativeTarget section */
		6DCF53471E515137002EF282 /* TextKit */ = {
			isa = PBXNativeTarget;
			buildConfigurationList = 6DCF535A1E515138002EF282 /* Build configuration list for PBXNativeTarget "TextKit" */;
			buildPhases = (
				6DCF53441E515137002EF282 /* Sources */,
				6DCF53451E515137002EF282 /* Frameworks */,
				6DCF53461E515137002EF282 /* Resources */,
			);
			buildRules = (
			);
			dependencies = (
			);
			name = TextKit;
			productName = TextKit;
			productReference = 6DCF53481E515137002EF282 /* TextKit.app */;
			productType = "com.apple.product-type.application";
		};
/* End PBXNativeTarget section */

/* Begin PBXProject section */
		6DCF53401E515137002EF282 /* Project object */ = {
			isa = PBXProject;
			attributes = {
				LastSwiftUpdateCheck = 0820;
				LastUpgradeCheck = 0820;
				ORGANIZATIONNAME = terry;
				TargetAttributes = {
					6DCF53471E515137002EF282 = {
						CreatedOnToolsVersion = 8.2.1;
						DevelopmentTeam = 5MJG7PG96Q;
						ProvisioningStyle = Automatic;
					};
				};
			};
			buildConfigurationList = 6DCF53431E515137002EF282 /* Build configuration list for PBXProject "TextKit" */;
			compatibilityVersion = "Xcode 3.2";
			developmentRegion = English;
			hasScannedForEncodings = 0;
			knownRegions = (
				en,
				Base,
			);
			mainGroup = 6DCF533F1E515137002EF282;
			productRefGroup = 6DCF53491E515137002EF282 /* Products */;
			projectDirPath = "";
			projectRoot = "";
			targets = (
				6DCF53471E515137002EF282 /* TextKit */,
			);
		};
/* End PBXProject section */

/* Begin PBXResourcesBuildPhase section */
		6DCF53461E515137002EF282 /* Resources */ = {
			isa = PBXResourcesBuildPhase;
			buildActionMask = 2147483647;
			files = (
				6DCF53561E515138002EF282 /* LaunchScreen.storyboard in Resources */,
				6DCF53531E515138002EF282 /* Assets.xcassets in Resources */,
				6DCF53511E515138002EF282 /* Main.storyboard in Resources */,
			);
			runOnlyForDeploymentPostprocessing = 0;
		};
/* End PBXResourcesBuildPhase section */

/* Begin PBXSourcesBuildPhase section */
		6DCF53441E515137002EF282 /* Sources */ = {
			isa = PBXSourcesBuildPhase;
			buildActionMask = 2147483647;
			files = (
				6DCF534E1E515138002EF282 /* ViewController.swift in Sources */,
				6DCF534C1E515138002EF282 /* AppDelegate.swift in Sources */,
				6DCF535E1E515169002EF282 /* CZLabel.swift in Sources */,
			);
			runOnlyForDeploymentPostprocessing = 0;
		};
/* End PBXSourcesBuildPhase section */

/* Begin PBXVariantGroup section */
		6DCF534F1E515138002EF282 /* Main.storyboard */ = {
			isa = PBXVariantGroup;
			children = (
				6DCF53501E515138002EF282 /* Base */,
			);
			name = Main.storyboard;
			sourceTree = "<group>";
		};
		6DCF53541E515138002EF282 /* LaunchScreen.storyboard */ = {
			isa = PBXVariantGroup;
			children = (
				6DCF53551E515138002EF282 /* Base */,
			);
			name = LaunchScreen.storyboard;
			sourceTree = "<group>";
		};
/* End PBXVariantGroup section */

/* Begin XCBuildConfiguration section */
		6DCF53581E515138002EF282 /* Debug */ = {
			isa = XCBuildConfiguration;
			buildSettings = {
				ALWAYS_SEARCH_USER_PATHS = NO;
				CLANG_ANALYZER_NONNULL = YES;
				CLANG_CXX_LANGUAGE_STANDARD = "gnu++0x";
				CLANG_CXX_LIBRARY = "libc++";
				CLANG_ENABLE_MODULES = YES;
				CLANG_ENABLE_OBJC_ARC = YES;
				CLANG_WARN_BOOL_CONVERSION = YES;
				CLANG_WARN_CONSTANT_CONVERSION = YES;
				CLANG_WARN_DIRECT_OBJC_ISA_USAGE = YES_ERROR;
				CLANG_WARN_DOCUMENTATION_COMMENTS = YES;
				CLANG_WARN_EMPTY_BODY = YES;
				CLANG_WARN_ENUM_CONVERSION = YES;
				CLANG_WARN_INFINITE_RECURSION = YES;
				CLANG_WARN_INT_CONVERSION = YES;
				CLANG_WARN_OBJC_ROOT_CLASS = YES_ERROR;
				CLANG_WARN_SUSPICIOUS_MOVE = YES;
				CLANG_WARN_UNREACHABLE_CODE = YES;
				CLANG_WARN__DUPLICATE_METHOD_MATCH = YES;
				"CODE_SIGN_IDENTITY[sdk=iphoneos*]" = "iPhone Developer";
				COPY_PHASE_STRIP = NO;
				DEBUG_INFORMATION_FORMAT = dwarf;
				ENABLE_STRICT_OBJC_MSGSEND = YES;
				ENABLE_TESTABILITY = YES;
				GCC_C_LANGUAGE_STANDARD = gnu99;
				GCC_DYNAMIC_NO_PIC = NO;
				GCC_NO_COMMON_BLOCKS = YES;
				GCC_OPTIMIZATION_LEVEL = 0;
				GCC_PREPROCESSOR_DEFINITIONS = (
					"DEBUG=1",
					"$(inherited)",
				);
				GCC_WARN_64_TO_32_BIT_CONVERSION = YES;
				GCC_WARN_ABOUT_RETURN_TYPE = YES_ERROR;
				GCC_WARN_UNDECLARED_SELECTOR = YES;
				GCC_WARN_UNINITIALIZED_AUTOS = YES_AGGRESSIVE;
				GCC_WARN_UNUSED_FUNCTION = YES;
				GCC_WARN_UNUSED_VARIABLE = YES;
				IPHONEOS_DEPLOYMENT_TARGET = 10.2;
				MTL_ENABLE_DEBUG_INFO = YES;
				ONLY_ACTIVE_ARCH = YES;
				SDKROOT = iphoneos;
				SWIFT_ACTIVE_COMPILATION_CONDITIONS = DEBUG;
				SWIFT_OPTIMIZATION_LEVEL = "-Onone";
				TARGETED_DEVICE_FAMILY = "1,2";
			};
			name = Debug;
		};
		6DCF53591E515138002EF282 /* Release */ = {
			isa = XCBuildConfiguration;
			buildSettings = {
				ALWAYS_SEARCH_USER_PATHS = NO;
				CLANG_ANALYZER_NONNULL = YES;
				CLANG_CXX_LANGUAGE_STANDARD = "gnu++0x";
				CLANG_CXX_LIBRARY = "libc++";
				CLANG_ENABLE_MODULES = YES;
				CLANG_ENABLE_OBJC_ARC = YES;
				CLANG_WARN_BOOL_CONVERSION = YES;
				CLANG_WARN_CONSTANT_CONVERSION = YES;
				CLANG_WARN_DIRECT_OBJC_ISA_USAGE = YES_ERROR;
				CLANG_WARN_DOCUMENTATION_COMMENTS = YES;
				CLANG_WARN_EMPTY_BODY = YES;
				CLANG_WARN_ENUM_CONVERSION = YES;
				CLANG_WARN_INFINITE_RECURSION = YES;
				CLANG_WARN_INT_CONVERSION = YES;
				CLANG_WARN_OBJC_ROOT_CLASS = YES_ERROR;
				CLANG_WARN_SUSPICIOUS_MOVE = YES;
				CLANG_WARN_UNREACHABLE_CODE = YES;
				CLANG_WARN__DUPLICATE_METHOD_MATCH = YES;
				"CODE_SIGN_IDENTITY[sdk=iphoneos*]" = "iPhone Developer";
				COPY_PHASE_STRIP = NO;
				DEBUG_INFORMATION_FORMAT = "dwarf-with-dsym";
				ENABLE_NS_ASSERTIONS = NO;
				ENABLE_STRICT_OBJC_MSGSEND = YES;
				GCC_C_LANGUAGE_STANDARD = gnu99;
				GCC_NO_COMMON_BLOCKS = YES;
				GCC_WARN_64_TO_32_BIT_CONVERSION = YES;
				GCC_WARN_ABOUT_RETURN_TYPE = YES_ERROR;
				GCC_WARN_UNDECLARED_SELECTOR = YES;
				GCC_WARN_UNINITIALIZED_AUTOS = YES_AGGRESSIVE;
				GCC_WARN_UNUSED_FUNCTION = YES;
				GCC_WARN_UNUSED_VARIABLE = YES;
				IPHONEOS_DEPLOYMENT_TARGET = 10.2;
				MTL_ENABLE_DEBUG_INFO = NO;
				SDKROOT = iphoneos;
				SWIFT_OPTIMIZATION_LEVEL = "-Owholemodule";
				TARGETED_DEVICE_FAMILY = "1,2";
				VALIDATE_PRODUCT = YES;
			};
			name = Release;
		};
		6DCF535B1E515138002EF282 /* Debug */ = {
			isa = XCBuildConfiguration;
			buildSettings = {
				ASSETCATALOG_COMPILER_APPICON_NAME = AppIcon;
				DEVELOPMENT_TEAM = 5MJG7PG96Q;
				INFOPLIST_FILE = TextKit/Info.plist;
				LD_RUNPATH_SEARCH_PATHS = "$(inherited) @executable_path/Frameworks";
				PRODUCT_BUNDLE_IDENTIFIER = com.emeixian.TextKit;
				PRODUCT_NAME = "$(TARGET_NAME)";
				SWIFT_VERSION = 3.0;
			};
			name = Debug;
		};
		6DCF535C1E515138002EF282 /* Release */ = {
			isa = XCBuildConfiguration;
			buildSettings = {
				ASSETCATALOG_COMPILER_APPICON_NAME = AppIcon;
				DEVELOPMENT_TEAM = 5MJG7PG96Q;
				INFOPLIST_FILE = TextKit/Info.plist;
				LD_RUNPATH_SEARCH_PATHS = "$(inherited) @executable_path/Frameworks";
				PRODUCT_BUNDLE_IDENTIFIER = com.emeixian.TextKit;
				PRODUCT_NAME = "$(TARGET_NAME)";
				SWIFT_VERSION = 3.0;
			};
			name = Release;
		};
/* End XCBuildConfiguration section */

/* Begin XCConfigurationList section */
		6DCF53431E515137002EF282 /* Build configuration list for PBXProject "TextKit" */ = {
			isa = XCConfigurationList;
			buildConfigurations = (
				6DCF53581E515138002EF282 /* Debug */,
				6DCF53591E515138002EF282 /* Release */,
			);
			defaultConfigurationIsVisible = 0;
			defaultConfigurationName = Release;
		};
		6DCF535A1E515138002EF282 /* Build configuration list for PBXNativeTarget "TextKit" */ = {
			isa = XCConfigurationList;
			buildConfigurations = (
				6DCF535B1E515138002EF282 /* Debug */,
				6DCF535C1E515138002EF282 /* Release */,
			);
			defaultConfigurationIsVisible = 0;
		};
/* End XCConfigurationList section */
	};
	rootObject = 6DCF53401E515137002EF282 /* Project object */;
}
